
Microsoft Visual Studio Solution File, Format Version 12.00
# Visual Studio Version 16
VisualStudioVersion = 16.0.28621.142
MinimumVisualStudioVersion = 10.0.40219.1
Project("{9A19103F-16F7-4668-BE54-9A1E7A4F7556}") = "OcelotDemo", "OcelotDemo\OcelotDemo.csproj", "{C1B352CB-BF21-46C2-8A51-1ECA4D565F07}"
EndProject
Project("{9A19103F-16F7-4668-BE54-9A1E7A4F7556}") = "OrderApi", "OrderApi\OrderApi.csproj", "{355F1BFB-977A-478F-AE0C-B12D9A7F27ED}"
EndProject
Project("{9A19103F-16F7-4668-BE54-9A1E7A4F7556}") = "GoodApi", "GoodApi\GoodApi.csproj", "{F07C9F33-6667-4A4F-B9A1-DC99070D4196}"
EndProject
Project("{2150E333-8FDC-42A3-9474-1A3956D46DE8}") = "IdentityServer4", "IdentityServer4", "{9E8CAB93-50A1-47ED-A677-40F028EB9D3B}"
EndProject
Project("{9A19103F-16F7-4668-BE54-9A1E7A4F7556}") = "IdentityS4", "IdentityServer\IdentityS4\IdentityS4.csproj", "{CA6CB3ED-45FC-433E-8ABE-05581437E0BA}"
EndProject
Project("{9A19103F-16F7-4668-BE54-9A1E7A4F7556}") = "MvcClient", "IdentityServer\MvcClient\MvcClient.csproj", "{65763E09-F553-4974-B2EB-845492327210}"
EndProject
Project("{2150E333-8FDC-42A3-9474-1A3956D46DE8}") = "TimeJob定时任务", "TimeJob定时任务", "{1F63515A-3BF8-42AB-979C-79F29C631F54}"
EndProject
Project("{9A19103F-16F7-4668-BE54-9A1E7A4F7556}") = "TimeJobDemo", "TimeJobDemo\TimeJobDemo.csproj", "{C337F602-916B-4B41-9887-1E569DC27FB2}"
EndProject
Project("{2150E333-8FDC-42A3-9474-1A3956D46DE8}") = "Ocelot网关", "Ocelot网关", "{DCE64ECD-D257-4A34-B64F-93646590D887}"
	ProjectSection(SolutionItems) = preProject
		document.txt = document.txt
	EndProjectSection
EndProject
Project("{2150E333-8FDC-42A3-9474-1A3956D46DE8}") = "CefSharp", "CefSharp", "{13E6CBC6-AB23-4CC2-8A6D-9D412808D356}"
EndProject
Project("{FAE04EC0-301F-11D3-BF4B-00C04F79EFBC}") = "CefSharp", "CefSharp\CefSharp.csproj", "{E6284F4F-D1E2-4096-A136-875E90801472}"
EndProject
Project("{9A19103F-16F7-4668-BE54-9A1E7A4F7556}") = "WebApp", "WebApp\WebApp.csproj", "{C5682C85-9AB0-45E6-8238-3C95D4BDA126}"
EndProject
Project("{2150E333-8FDC-42A3-9474-1A3956D46DE8}") = "aliyun", "aliyun", "{8A030B51-09FE-46F7-B104-4E8C82C5A4B2}"
EndProject
Project("{9A19103F-16F7-4668-BE54-9A1E7A4F7556}") = "AliyunDemo", "AliyunDemo\AliyunDemo.csproj", "{A729D319-751F-4FD4-9A81-CD87B79C1893}"
EndProject
Project("{9A19103F-16F7-4668-BE54-9A1E7A4F7556}") = "GenericHost", "GenericHost\GenericHost.csproj", "{ECE43B42-0160-461D-A178-C14710702882}"
EndProject
Project("{9A19103F-16F7-4668-BE54-9A1E7A4F7556}") = "WebApi", "WebApi\WebApi.csproj", "{46FC7A0A-D027-4CDC-84E6-1245901A1CB0}"
EndProject
Project("{2150E333-8FDC-42A3-9474-1A3956D46DE8}") = "DockerMySql", "DockerMySql", "{3B482B97-F651-41ED-ACE1-BD1A988A34DD}"
EndProject
Project("{9A19103F-16F7-4668-BE54-9A1E7A4F7556}") = "WebApp_HelloWorld", "WebApp_HelloWorld\WebApp_HelloWorld.csproj", "{2EF8569F-5166-4D33-BF84-00F7ABA5C690}"
EndProject
Project("{2150E333-8FDC-42A3-9474-1A3956D46DE8}") = "Winform", "Winform", "{36D8817F-EA19-4D8E-ACE2-A6C10DB1AC34}"
EndProject
Project("{FAE04EC0-301F-11D3-BF4B-00C04F79EFBC}") = "SISM+", "SISM+\SISM+.csproj", "{8F7B864C-7FE3-4F4E-90CB-D9F247FC1EF6}"
EndProject
Project("{9A19103F-16F7-4668-BE54-9A1E7A4F7556}") = "ConsoleApp1", "ConsoleApp1\ConsoleApp1.csproj", "{CDC65822-B384-44BA-BD0C-10F7F1EC3092}"
EndProject
Project("{2150E333-8FDC-42A3-9474-1A3956D46DE8}") = "JWT", "JWT", "{1E4FD921-E6E4-433E-8EF5-678EA7A25C3B}"
EndProject
Project("{9A19103F-16F7-4668-BE54-9A1E7A4F7556}") = "JwtWebApp", "JwtWebApp\JwtWebApp.csproj", "{6A2AB675-B5A1-4E76-A1B7-F260E3DD66EF}"
EndProject
Project("{2150E333-8FDC-42A3-9474-1A3956D46DE8}") = "Http", "Http", "{AA9D6768-7141-486D-9AD8-9E1809DAC2BF}"
EndProject
Project("{FAE04EC0-301F-11D3-BF4B-00C04F79EFBC}") = "HttpWeb", "HttpWeb\HttpWeb.csproj", "{5DEE0591-EC61-4C8F-B578-2891847A0310}"
EndProject
Global
	GlobalSection(SolutionConfigurationPlatforms) = preSolution
		Debug|Any CPU = Debug|Any CPU
		Debug|x86 = Debug|x86
		Release|Any CPU = Release|Any CPU
		Release|x86 = Release|x86
	EndGlobalSection
	GlobalSection(ProjectConfigurationPlatforms) = postSolution
		{C1B352CB-BF21-46C2-8A51-1ECA4D565F07}.Debug|Any CPU.ActiveCfg = Debug|Any CPU
		{C1B352CB-BF21-46C2-8A51-1ECA4D565F07}.Debug|Any CPU.Build.0 = Debug|Any CPU
		{C1B352CB-BF21-46C2-8A51-1ECA4D565F07}.Debug|x86.ActiveCfg = Debug|Any CPU
		{C1B352CB-BF21-46C2-8A51-1ECA4D565F07}.Debug|x86.Build.0 = Debug|Any CPU
		{C1B352CB-BF21-46C2-8A51-1ECA4D565F07}.Release|Any CPU.ActiveCfg = Release|Any CPU
		{C1B352CB-BF21-46C2-8A51-1ECA4D565F07}.Release|Any CPU.Build.0 = Release|Any CPU
		{C1B352CB-BF21-46C2-8A51-1ECA4D565F07}.Release|x86.ActiveCfg = Release|Any CPU
		{C1B352CB-BF21-46C2-8A51-1ECA4D565F07}.Release|x86.Build.0 = Release|Any CPU
		{355F1BFB-977A-478F-AE0C-B12D9A7F27ED}.Debug|Any CPU.ActiveCfg = Debug|Any CPU
		{355F1BFB-977A-478F-AE0C-B12D9A7F27ED}.Debug|Any CPU.Build.0 = Debug|Any CPU
		{355F1BFB-977A-478F-AE0C-B12D9A7F27ED}.Debug|x86.ActiveCfg = Debug|Any CPU
		{355F1BFB-977A-478F-AE0C-B12D9A7F27ED}.Debug|x86.Build.0 = Debug|Any CPU
		{355F1BFB-977A-478F-AE0C-B12D9A7F27ED}.Release|Any CPU.ActiveCfg = Release|Any CPU
		{355F1BFB-977A-478F-AE0C-B12D9A7F27ED}.Release|Any CPU.Build.0 = Release|Any CPU
		{355F1BFB-977A-478F-AE0C-B12D9A7F27ED}.Release|x86.ActiveCfg = Release|Any CPU
		{355F1BFB-977A-478F-AE0C-B12D9A7F27ED}.Release|x86.Build.0 = Release|Any CPU
		{F07C9F33-6667-4A4F-B9A1-DC99070D4196}.Debug|Any CPU.ActiveCfg = Debug|Any CPU
		{F07C9F33-6667-4A4F-B9A1-DC99070D4196}.Debug|Any CPU.Build.0 = Debug|Any CPU
		{F07C9F33-6667-4A4F-B9A1-DC99070D4196}.Debug|x86.ActiveCfg = Debug|Any CPU
		{F07C9F33-6667-4A4F-B9A1-DC99070D4196}.Debug|x86.Build.0 = Debug|Any CPU
		{F07C9F33-6667-4A4F-B9A1-DC99070D4196}.Release|Any CPU.ActiveCfg = Release|Any CPU
		{F07C9F33-6667-4A4F-B9A1-DC99070D4196}.Release|Any CPU.Build.0 = Release|Any CPU
		{F07C9F33-6667-4A4F-B9A1-DC99070D4196}.Release|x86.ActiveCfg = Release|Any CPU
		{F07C9F33-6667-4A4F-B9A1-DC99070D4196}.Release|x86.Build.0 = Release|Any CPU
		{CA6CB3ED-45FC-433E-8ABE-05581437E0BA}.Debug|Any CPU.ActiveCfg = Debug|Any CPU
		{CA6CB3ED-45FC-433E-8ABE-05581437E0BA}.Debug|Any CPU.Build.0 = Debug|Any CPU
		{CA6CB3ED-45FC-433E-8ABE-05581437E0BA}.Debug|x86.ActiveCfg = Debug|Any CPU
		{CA6CB3ED-45FC-433E-8ABE-05581437E0BA}.Debug|x86.Build.0 = Debug|Any CPU
		{CA6CB3ED-45FC-433E-8ABE-05581437E0BA}.Release|Any CPU.ActiveCfg = Release|Any CPU
		{CA6CB3ED-45FC-433E-8ABE-05581437E0BA}.Release|Any CPU.Build.0 = Release|Any CPU
		{CA6CB3ED-45FC-433E-8ABE-05581437E0BA}.Release|x86.ActiveCfg = Release|Any CPU
		{CA6CB3ED-45FC-433E-8ABE-05581437E0BA}.Release|x86.Build.0 = Release|Any CPU
		{65763E09-F553-4974-B2EB-845492327210}.Debug|Any CPU.ActiveCfg = Debug|Any CPU
		{65763E09-F553-4974-B2EB-845492327210}.Debug|Any CPU.Build.0 = Debug|Any CPU
		{65763E09-F553-4974-B2EB-845492327210}.Debug|x86.ActiveCfg = Debug|Any CPU
		{65763E09-F553-4974-B2EB-845492327210}.Debug|x86.Build.0 = Debug|Any CPU
		{65763E09-F553-4974-B2EB-845492327210}.Release|Any CPU.ActiveCfg = Release|Any CPU
		{65763E09-F553-4974-B2EB-845492327210}.Release|Any CPU.Build.0 = Release|Any CPU
		{65763E09-F553-4974-B2EB-845492327210}.Release|x86.ActiveCfg = Release|Any CPU
		{65763E09-F553-4974-B2EB-845492327210}.Release|x86.Build.0 = Release|Any CPU
		{C337F602-916B-4B41-9887-1E569DC27FB2}.Debug|Any CPU.ActiveCfg = Debug|Any CPU
		{C337F602-916B-4B41-9887-1E569DC27FB2}.Debug|Any CPU.Build.0 = Debug|Any CPU
		{C337F602-916B-4B41-9887-1E569DC27FB2}.Debug|x86.ActiveCfg = Debug|Any CPU
		{C337F602-916B-4B41-9887-1E569DC27FB2}.Debug|x86.Build.0 = Debug|Any CPU
		{C337F602-916B-4B41-9887-1E569DC27FB2}.Release|Any CPU.ActiveCfg = Release|Any CPU
		{C337F602-916B-4B41-9887-1E569DC27FB2}.Release|Any CPU.Build.0 = Release|Any CPU
		{C337F602-916B-4B41-9887-1E569DC27FB2}.Release|x86.ActiveCfg = Release|Any CPU
		{C337F602-916B-4B41-9887-1E569DC27FB2}.Release|x86.Build.0 = Release|Any CPU
		{E6284F4F-D1E2-4096-A136-875E90801472}.Debug|Any CPU.ActiveCfg = Debug|Any CPU
		{E6284F4F-D1E2-4096-A136-875E90801472}.Debug|Any CPU.Build.0 = Debug|Any CPU
		{E6284F4F-D1E2-4096-A136-875E90801472}.Debug|x86.ActiveCfg = Debug|Any CPU
		{E6284F4F-D1E2-4096-A136-875E90801472}.Debug|x86.Build.0 = Debug|Any CPU
		{E6284F4F-D1E2-4096-A136-875E90801472}.Release|Any CPU.ActiveCfg = Release|Any CPU
		{E6284F4F-D1E2-4096-A136-875E90801472}.Release|Any CPU.Build.0 = Release|Any CPU
		{E6284F4F-D1E2-4096-A136-875E90801472}.Release|x86.ActiveCfg = Release|Any CPU
		{E6284F4F-D1E2-4096-A136-875E90801472}.Release|x86.Build.0 = Release|Any CPU
		{C5682C85-9AB0-45E6-8238-3C95D4BDA126}.Debug|Any CPU.ActiveCfg = Debug|Any CPU
		{C5682C85-9AB0-45E6-8238-3C95D4BDA126}.Debug|Any CPU.Build.0 = Debug|Any CPU
		{C5682C85-9AB0-45E6-8238-3C95D4BDA126}.Debug|x86.ActiveCfg = Debug|Any CPU
		{C5682C85-9AB0-45E6-8238-3C95D4BDA126}.Debug|x86.Build.0 = Debug|Any CPU
		{C5682C85-9AB0-45E6-8238-3C95D4BDA126}.Release|Any CPU.ActiveCfg = Release|Any CPU
		{C5682C85-9AB0-45E6-8238-3C95D4BDA126}.Release|Any CPU.Build.0 = Release|Any CPU
		{C5682C85-9AB0-45E6-8238-3C95D4BDA126}.Release|x86.ActiveCfg = Release|Any CPU
		{C5682C85-9AB0-45E6-8238-3C95D4BDA126}.Release|x86.Build.0 = Release|Any CPU
		{A729D319-751F-4FD4-9A81-CD87B79C1893}.Debug|Any CPU.ActiveCfg = Debug|Any CPU
		{A729D319-751F-4FD4-9A81-CD87B79C1893}.Debug|Any CPU.Build.0 = Debug|Any CPU
		{A729D319-751F-4FD4-9A81-CD87B79C1893}.Debug|x86.ActiveCfg = Debug|Any CPU
		{A729D319-751F-4FD4-9A81-CD87B79C1893}.Debug|x86.Build.0 = Debug|Any CPU
		{A729D319-751F-4FD4-9A81-CD87B79C1893}.Release|Any CPU.ActiveCfg = Release|Any CPU
		{A729D319-751F-4FD4-9A81-CD87B79C1893}.Release|Any CPU.Build.0 = Release|Any CPU
		{A729D319-751F-4FD4-9A81-CD87B79C1893}.Release|x86.ActiveCfg = Release|Any CPU
		{A729D319-751F-4FD4-9A81-CD87B79C1893}.Release|x86.Build.0 = Release|Any CPU
		{ECE43B42-0160-461D-A178-C14710702882}.Debug|Any CPU.ActiveCfg = Debug|Any CPU
		{ECE43B42-0160-461D-A178-C14710702882}.Debug|Any CPU.Build.0 = Debug|Any CPU
		{ECE43B42-0160-461D-A178-C14710702882}.Debug|x86.ActiveCfg = Debug|Any CPU
		{ECE43B42-0160-461D-A178-C14710702882}.Debug|x86.Build.0 = Debug|Any CPU
		{ECE43B42-0160-461D-A178-C14710702882}.Release|Any CPU.ActiveCfg = Release|Any CPU
		{ECE43B42-0160-461D-A178-C14710702882}.Release|Any CPU.Build.0 = Release|Any CPU
		{ECE43B42-0160-461D-A178-C14710702882}.Release|x86.ActiveCfg = Release|Any CPU
		{ECE43B42-0160-461D-A178-C14710702882}.Release|x86.Build.0 = Release|Any CPU
		{46FC7A0A-D027-4CDC-84E6-1245901A1CB0}.Debug|Any CPU.ActiveCfg = Debug|Any CPU
		{46FC7A0A-D027-4CDC-84E6-1245901A1CB0}.Debug|Any CPU.Build.0 = Debug|Any CPU
		{46FC7A0A-D027-4CDC-84E6-1245901A1CB0}.Debug|x86.ActiveCfg = Debug|Any CPU
		{46FC7A0A-D027-4CDC-84E6-1245901A1CB0}.Debug|x86.Build.0 = Debug|Any CPU
		{46FC7A0A-D027-4CDC-84E6-1245901A1CB0}.Release|Any CPU.ActiveCfg = Release|Any CPU
		{46FC7A0A-D027-4CDC-84E6-1245901A1CB0}.Release|Any CPU.Build.0 = Release|Any CPU
		{46FC7A0A-D027-4CDC-84E6-1245901A1CB0}.Release|x86.ActiveCfg = Release|Any CPU
		{46FC7A0A-D027-4CDC-84E6-1245901A1CB0}.Release|x86.Build.0 = Release|Any CPU
		{2EF8569F-5166-4D33-BF84-00F7ABA5C690}.Debug|Any CPU.ActiveCfg = Debug|Any CPU
		{2EF8569F-5166-4D33-BF84-00F7ABA5C690}.Debug|Any CPU.Build.0 = Debug|Any CPU
		{2EF8569F-5166-4D33-BF84-00F7ABA5C690}.Debug|x86.ActiveCfg = Debug|Any CPU
		{2EF8569F-5166-4D33-BF84-00F7ABA5C690}.Debug|x86.Build.0 = Debug|Any CPU
		{2EF8569F-5166-4D33-BF84-00F7ABA5C690}.Release|Any CPU.ActiveCfg = Release|Any CPU
		{2EF8569F-5166-4D33-BF84-00F7ABA5C690}.Release|Any CPU.Build.0 = Release|Any CPU
		{2EF8569F-5166-4D33-BF84-00F7ABA5C690}.Release|x86.ActiveCfg = Release|Any CPU
		{2EF8569F-5166-4D33-BF84-00F7ABA5C690}.Release|x86.Build.0 = Release|Any CPU
		{8F7B864C-7FE3-4F4E-90CB-D9F247FC1EF6}.Debug|Any CPU.ActiveCfg = Debug|Any CPU
		{8F7B864C-7FE3-4F4E-90CB-D9F247FC1EF6}.Debug|Any CPU.Build.0 = Debug|Any CPU
		{8F7B864C-7FE3-4F4E-90CB-D9F247FC1EF6}.Debug|x86.ActiveCfg = Debug|Any CPU
		{8F7B864C-7FE3-4F4E-90CB-D9F247FC1EF6}.Debug|x86.Build.0 = Debug|Any CPU
		{8F7B864C-7FE3-4F4E-90CB-D9F247FC1EF6}.Release|Any CPU.ActiveCfg = Release|Any CPU
		{8F7B864C-7FE3-4F4E-90CB-D9F247FC1EF6}.Release|Any CPU.Build.0 = Release|Any CPU
		{8F7B864C-7FE3-4F4E-90CB-D9F247FC1EF6}.Release|x86.ActiveCfg = Release|Any CPU
		{8F7B864C-7FE3-4F4E-90CB-D9F247FC1EF6}.Release|x86.Build.0 = Release|Any CPU
		{CDC65822-B384-44BA-BD0C-10F7F1EC3092}.Debug|Any CPU.ActiveCfg = Debug|Any CPU
		{CDC65822-B384-44BA-BD0C-10F7F1EC3092}.Debug|Any CPU.Build.0 = Debug|Any CPU
		{CDC65822-B384-44BA-BD0C-10F7F1EC3092}.Debug|x86.ActiveCfg = Debug|Any CPU
		{CDC65822-B384-44BA-BD0C-10F7F1EC3092}.Debug|x86.Build.0 = Debug|Any CPU
		{CDC65822-B384-44BA-BD0C-10F7F1EC3092}.Release|Any CPU.ActiveCfg = Release|Any CPU
		{CDC65822-B384-44BA-BD0C-10F7F1EC3092}.Release|Any CPU.Build.0 = Release|Any CPU
		{CDC65822-B384-44BA-BD0C-10F7F1EC3092}.Release|x86.ActiveCfg = Release|Any CPU
		{CDC65822-B384-44BA-BD0C-10F7F1EC3092}.Release|x86.Build.0 = Release|Any CPU
		{6A2AB675-B5A1-4E76-A1B7-F260E3DD66EF}.Debug|Any CPU.ActiveCfg = Debug|Any CPU
		{6A2AB675-B5A1-4E76-A1B7-F260E3DD66EF}.Debug|Any CPU.Build.0 = Debug|Any CPU
		{6A2AB675-B5A1-4E76-A1B7-F260E3DD66EF}.Debug|x86.ActiveCfg = Debug|Any CPU
		{6A2AB675-B5A1-4E76-A1B7-F260E3DD66EF}.Debug|x86.Build.0 = Debug|Any CPU
		{6A2AB675-B5A1-4E76-A1B7-F260E3DD66EF}.Release|Any CPU.ActiveCfg = Release|Any CPU
		{6A2AB675-B5A1-4E76-A1B7-F260E3DD66EF}.Release|Any CPU.Build.0 = Release|Any CPU
		{6A2AB675-B5A1-4E76-A1B7-F260E3DD66EF}.Release|x86.ActiveCfg = Release|Any CPU
		{6A2AB675-B5A1-4E76-A1B7-F260E3DD66EF}.Release|x86.Build.0 = Release|Any CPU
		{5DEE0591-EC61-4C8F-B578-2891847A0310}.Debug|Any CPU.ActiveCfg = Debug|Any CPU
		{5DEE0591-EC61-4C8F-B578-2891847A0310}.Debug|Any CPU.Build.0 = Debug|Any CPU
		{5DEE0591-EC61-4C8F-B578-2891847A0310}.Debug|x86.ActiveCfg = Debug|Any CPU
		{5DEE0591-EC61-4C8F-B578-2891847A0310}.Debug|x86.Build.0 = Debug|Any CPU
		{5DEE0591-EC61-4C8F-B578-2891847A0310}.Release|Any CPU.ActiveCfg = Release|Any CPU
		{5DEE0591-EC61-4C8F-B578-2891847A0310}.Release|Any CPU.Build.0 = Release|Any CPU
		{5DEE0591-EC61-4C8F-B578-2891847A0310}.Release|x86.ActiveCfg = Release|Any CPU
		{5DEE0591-EC61-4C8F-B578-2891847A0310}.Release|x86.Build.0 = Release|Any CPU
	EndGlobalSection
	GlobalSection(SolutionProperties) = preSolution
		HideSolutionNode = FALSE
	EndGlobalSection
	GlobalSection(NestedProjects) = preSolution
		{C1B352CB-BF21-46C2-8A51-1ECA4D565F07} = {DCE64ECD-D257-4A34-B64F-93646590D887}
		{355F1BFB-977A-478F-AE0C-B12D9A7F27ED} = {DCE64ECD-D257-4A34-B64F-93646590D887}
		{F07C9F33-6667-4A4F-B9A1-DC99070D4196} = {DCE64ECD-D257-4A34-B64F-93646590D887}
		{CA6CB3ED-45FC-433E-8ABE-05581437E0BA} = {9E8CAB93-50A1-47ED-A677-40F028EB9D3B}
		{65763E09-F553-4974-B2EB-845492327210} = {9E8CAB93-50A1-47ED-A677-40F028EB9D3B}
		{C337F602-916B-4B41-9887-1E569DC27FB2} = {1F63515A-3BF8-42AB-979C-79F29C631F54}
		{E6284F4F-D1E2-4096-A136-875E90801472} = {13E6CBC6-AB23-4CC2-8A6D-9D412808D356}
		{A729D319-751F-4FD4-9A81-CD87B79C1893} = {8A030B51-09FE-46F7-B104-4E8C82C5A4B2}
		{ECE43B42-0160-461D-A178-C14710702882} = {1F63515A-3BF8-42AB-979C-79F29C631F54}
		{2EF8569F-5166-4D33-BF84-00F7ABA5C690} = {3B482B97-F651-41ED-ACE1-BD1A988A34DD}
		{8F7B864C-7FE3-4F4E-90CB-D9F247FC1EF6} = {36D8817F-EA19-4D8E-ACE2-A6C10DB1AC34}
		{CDC65822-B384-44BA-BD0C-10F7F1EC3092} = {36D8817F-EA19-4D8E-ACE2-A6C10DB1AC34}
		{6A2AB675-B5A1-4E76-A1B7-F260E3DD66EF} = {1E4FD921-E6E4-433E-8EF5-678EA7A25C3B}
		{5DEE0591-EC61-4C8F-B578-2891847A0310} = {AA9D6768-7141-486D-9AD8-9E1809DAC2BF}
	EndGlobalSection
	GlobalSection(ExtensibilityGlobals) = postSolution
		SolutionGuid = {DE0F357C-5B00-4797-8F09-BF074ED68656}
	EndGlobalSection
EndGlobal
